
Microsoft Visual Studio Solution File, Format Version 11.00
# Visual Studio 2010
Project("{FAE04EC0-301F-11D3-BF4B-00C04F79EFBC}") = "gttwin", "gttwin\gttwin\gttwin.csproj", "{23B7AB13-E56F-4383-98D9-C4FECD728489}"
EndProject
Project("{96E2B04D-8817-42C6-938A-82C39BA4D311}") = "gttwinContent", "gttwin\gttwinContent\gttwinContent.contentproj", "{46C50B7C-3F13-4192-BACB-E2D3C098EA86}"
EndProject
Global
	GlobalSection(SolutionConfigurationPlatforms) = preSolution
		Debug|x86 = Debug|x86
		Release|x86 = Release|x86
	EndGlobalSection
	GlobalSection(ProjectConfigurationPlatforms) = postSolution
		{23B7AB13-E56F-4383-98D9-C4FECD728489}.Debug|x86.ActiveCfg = Debug|x86
		{23B7AB13-E56F-4383-98D9-C4FECD728489}.Debug|x86.Build.0 = Debug|x86
		{23B7AB13-E56F-4383-98D9-C4FECD728489}.Release|x86.ActiveCfg = Release|x86
		{23B7AB13-E56F-4383-98D9-C4FECD728489}.Release|x86.Build.0 = Release|x86
		{46C50B7C-3F13-4192-BACB-E2D3C098EA86}.Debug|x86.ActiveCfg = Debug|x86
		{46C50B7C-3F13-4192-BACB-E2D3C098EA86}.Release|x86.ActiveCfg = Release|x86
	EndGlobalSection
	GlobalSection(SolutionProperties) = preSolution
		HideSolutionNode = FALSE
	EndGlobalSection
EndGlobal
